
Microsoft Visual Studio Solution File, Format Version 12.00
# Visual Studio Version 17
VisualStudioVersion = 17.9.34728.123
MinimumVisualStudioVersion = 10.0.40219.1
Project("{FAE04EC0-301F-11D3-BF4B-00C04F79EFBC}") = "hello_csharp", "hello_csharp\hello_csharp.csproj", "{3AF53312-B204-49E2-B02B-D7C7B99BBE14}"
EndProject
Project("{FAE04EC0-301F-11D3-BF4B-00C04F79EFBC}") = "hello_world", "hello_world\hello_world.csproj", "{57377037-8797-4E50-B665-0ACD8248FA26}"
EndProject
Project("{FAE04EC0-301F-11D3-BF4B-00C04F79EFBC}") = "ex03_loops", "ex03_loops\ex03_loops.csproj", "{649EFCC2-F637-4A6F-B6C1-C74C505E8762}"
EndProject
Project("{FAE04EC0-301F-11D3-BF4B-00C04F79EFBC}") = "ex04_methods", "ex04_methods\ex04_methods.csproj", "{DD55CF90-0B57-4F8D-AAA6-1A2A20760387}"
EndProject
Project("{FAE04EC0-301F-11D3-BF4B-00C04F79EFBC}") = "ex05_classes", "ex05_classes\ex05_classes.csproj", "{8398EC06-DE74-468F-8279-9206176B021C}"
EndProject
Project("{FAE04EC0-301F-11D3-BF4B-00C04F79EFBC}") = "ex06_properties", "ex06_properties\ex06_properties.csproj", "{60FE86EE-683A-4FB4-A5E5-0E2A3BBBEA97}"
EndProject
Global
	GlobalSection(SolutionConfigurationPlatforms) = preSolution
		Debug|Any CPU = Debug|Any CPU
		Release|Any CPU = Release|Any CPU
	EndGlobalSection
	GlobalSection(ProjectConfigurationPlatforms) = postSolution
		{3AF53312-B204-49E2-B02B-D7C7B99BBE14}.Debug|Any CPU.ActiveCfg = Debug|Any CPU
		{3AF53312-B204-49E2-B02B-D7C7B99BBE14}.Debug|Any CPU.Build.0 = Debug|Any CPU
		{3AF53312-B204-49E2-B02B-D7C7B99BBE14}.Release|Any CPU.ActiveCfg = Release|Any CPU
		{3AF53312-B204-49E2-B02B-D7C7B99BBE14}.Release|Any CPU.Build.0 = Release|Any CPU
		{57377037-8797-4E50-B665-0ACD8248FA26}.Debug|Any CPU.ActiveCfg = Debug|Any CPU
		{57377037-8797-4E50-B665-0ACD8248FA26}.Debug|Any CPU.Build.0 = Debug|Any CPU
		{57377037-8797-4E50-B665-0ACD8248FA26}.Release|Any CPU.ActiveCfg = Release|Any CPU
		{57377037-8797-4E50-B665-0ACD8248FA26}.Release|Any CPU.Build.0 = Release|Any CPU
		{649EFCC2-F637-4A6F-B6C1-C74C505E8762}.Debug|Any CPU.ActiveCfg = Debug|Any CPU
		{649EFCC2-F637-4A6F-B6C1-C74C505E8762}.Debug|Any CPU.Build.0 = Debug|Any CPU
		{649EFCC2-F637-4A6F-B6C1-C74C505E8762}.Release|Any CPU.ActiveCfg = Release|Any CPU
		{649EFCC2-F637-4A6F-B6C1-C74C505E8762}.Release|Any CPU.Build.0 = Release|Any CPU
		{DD55CF90-0B57-4F8D-AAA6-1A2A20760387}.Debug|Any CPU.ActiveCfg = Debug|Any CPU
		{DD55CF90-0B57-4F8D-AAA6-1A2A20760387}.Debug|Any CPU.Build.0 = Debug|Any CPU
		{DD55CF90-0B57-4F8D-AAA6-1A2A20760387}.Release|Any CPU.ActiveCfg = Release|Any CPU
		{DD55CF90-0B57-4F8D-AAA6-1A2A20760387}.Release|Any CPU.Build.0 = Release|Any CPU
		{8398EC06-DE74-468F-8279-9206176B021C}.Debug|Any CPU.ActiveCfg = Debug|Any CPU
		{8398EC06-DE74-468F-8279-9206176B021C}.Debug|Any CPU.Build.0 = Debug|Any CPU
		{8398EC06-DE74-468F-8279-9206176B021C}.Release|Any CPU.ActiveCfg = Release|Any CPU
		{8398EC06-DE74-468F-8279-9206176B021C}.Release|Any CPU.Build.0 = Release|Any CPU
		{60FE86EE-683A-4FB4-A5E5-0E2A3BBBEA97}.Debug|Any CPU.ActiveCfg = Debug|Any CPU
		{60FE86EE-683A-4FB4-A5E5-0E2A3BBBEA97}.Debug|Any CPU.Build.0 = Debug|Any CPU
		{60FE86EE-683A-4FB4-A5E5-0E2A3BBBEA97}.Release|Any CPU.ActiveCfg = Release|Any CPU
		{60FE86EE-683A-4FB4-A5E5-0E2A3BBBEA97}.Release|Any CPU.Build.0 = Release|Any CPU
	EndGlobalSection
	GlobalSection(SolutionProperties) = preSolution
		HideSolutionNode = FALSE
	EndGlobalSection
	GlobalSection(ExtensibilityGlobals) = postSolution
		SolutionGuid = {0A39628E-6988-45A6-BFDF-AC260115E771}
	EndGlobalSection
EndGlobal
